
Microsoft Visual Studio Solution File, Format Version 12.00
# Visual Studio 15
Project("{FAE04EC0-301F-11D3-BF4B-00C04F79EFBC}") = "DemoCake", "DemoCake\DemoCake.csproj", "{BEDD8576-AF00-4C86-BD86-4A8F5B4060DD}"
EndProject
Project("{FAE04EC0-301F-11D3-BF4B-00C04F79EFBC}") = "DemoCake.Testes", "DemoCake.Testes\DemoCake.Testes.csproj", "{189A1712-3765-483C-99B0-5A68EE1E45F7}"
EndProject
Global
	GlobalSection(SolutionConfigurationPlatforms) = preSolution
		Debug|Any CPU = Debug|Any CPU
		Release|Any CPU = Release|Any CPU
	EndGlobalSection
	GlobalSection(ProjectConfigurationPlatforms) = postSolution
		{BEDD8576-AF00-4C86-BD86-4A8F5B4060DD}.Debug|Any CPU.ActiveCfg = Debug|Any CPU
		{BEDD8576-AF00-4C86-BD86-4A8F5B4060DD}.Debug|Any CPU.Build.0 = Debug|Any CPU
		{BEDD8576-AF00-4C86-BD86-4A8F5B4060DD}.Release|Any CPU.ActiveCfg = Release|Any CPU
		{BEDD8576-AF00-4C86-BD86-4A8F5B4060DD}.Release|Any CPU.Build.0 = Release|Any CPU
		{189A1712-3765-483C-99B0-5A68EE1E45F7}.Debug|Any CPU.ActiveCfg = Debug|Any CPU
		{189A1712-3765-483C-99B0-5A68EE1E45F7}.Debug|Any CPU.Build.0 = Debug|Any CPU
		{189A1712-3765-483C-99B0-5A68EE1E45F7}.Release|Any CPU.ActiveCfg = Release|Any CPU
		{189A1712-3765-483C-99B0-5A68EE1E45F7}.Release|Any CPU.Build.0 = Release|Any CPU
	EndGlobalSection
EndGlobal
